{
    "_meta": {
        "hash": {
            "sha256": "eedeae6059767b6deeed00a5b41a6f5880ac58555b950a49c00f27ed4abea20c"
        },
        "pipfile-spec": 6,
        "requires": {
            "python_version": "3.10"
        },
        "sources": [
            {
                "name": "pypi",
                "url": "https://pypi.org/simple",
                "verify_ssl": true
            }
        ]
    },
    "default": {
        "click": {
            "hashes": [
                "sha256:7682dc8afb30297001674575ea00d1814d808d6a36af415a82bd481d37ba7b8e",
                "sha256:bb4d8133cb15a609f44e8213d9b391b0809795062913b383c62be0ee95b1db48"
            ],
            "markers": "python_version >= '3.7'",
            "version": "==8.1.3"
        },
        "cs50": {
            "hashes": [
                "sha256:6a817d0493c6194f7243862c052af2f6254f7cdea94759014d766812db076cca",
                "sha256:d64c0570684eaa69c1a95b29147746c12e86fe4296a137f81964b867c413cf2b"
            ],
            "index": "pypi",
            "version": "==9.2.4"
        },
        "flask": {
            "hashes": [
                "sha256:642c450d19c4ad482f96729bd2a8f6d32554aa1e231f4f6b4e7e5264b16cca2b",
                "sha256:b9c46cc36662a7949f34b52d8ec7bb59c0d74ba08ba6cb9ce9adc1d8676d9526"
            ],
            "index": "pypi",
            "version": "==2.2.2"
        },
        "flask-redmail": {
            "hashes": [
                "sha256:5869faec2c7355325d6fe08e0e6f2fb54f9bff88706706a4f9fa0bebb8276efe",
                "sha256:f888866b968264f7afd4329de3ed9d881686eb77ca4389dec7d861837a8477fe"
            ],
            "index": "pypi",
            "version": "==0.3.0"
        },
        "greenlet": {
            "hashes": [
                "sha256:0109af1138afbfb8ae647e31a2b1ab030f58b21dd8528c27beaeb0093b7938a9",
                "sha256:0459d94f73265744fee4c2d5ec44c6f34aa8a31017e6e9de770f7bcf29710be9",
                "sha256:04957dc96669be041e0c260964cfef4c77287f07c40452e61abe19d647505581",
                "sha256:0722c9be0797f544a3ed212569ca3fe3d9d1a1b13942d10dd6f0e8601e484d26",
                "sha256:097e3dae69321e9100202fc62977f687454cd0ea147d0fd5a766e57450c569fd",
                "sha256:0b493db84d124805865adc587532ebad30efa68f79ad68f11b336e0a51ec86c2",
                "sha256:13ba6e8e326e2116c954074c994da14954982ba2795aebb881c07ac5d093a58a",
                "sha256:13ebf93c343dd8bd010cd98e617cb4c1c1f352a0cf2524c82d3814154116aa82",
                "sha256:1407fe45246632d0ffb7a3f4a520ba4e6051fc2cbd61ba1f806900c27f47706a",
                "sha256:1bf633a50cc93ed17e494015897361010fc08700d92676c87931d3ea464123ce",
                "sha256:2d0bac0385d2b43a7bd1d651621a4e0f1380abc63d6fb1012213a401cbd5bf8f",
                "sha256:3001d00eba6bbf084ae60ec7f4bb8ed375748f53aeaefaf2a37d9f0370558524",
                "sha256:356e4519d4dfa766d50ecc498544b44c0249b6de66426041d7f8b751de4d6b48",
                "sha256:38255a3f1e8942573b067510f9611fc9e38196077b0c8eb7a8c795e105f9ce77",
                "sha256:3d75b8d013086b08e801fbbb896f7d5c9e6ccd44f13a9241d2bf7c0df9eda928",
                "sha256:41b825d65f31e394b523c84db84f9383a2f7eefc13d987f308f4663794d2687e",
                "sha256:42e602564460da0e8ee67cb6d7236363ee5e131aa15943b6670e44e5c2ed0f67",
                "sha256:4aeaebcd91d9fee9aa768c1b39cb12214b30bf36d2b7370505a9f2165fedd8d9",
                "sha256:4c8b1c43e75c42a6cafcc71defa9e01ead39ae80bd733a2608b297412beede68",
                "sha256:4d37990425b4687ade27810e3b1a1c37825d242ebc275066cfee8cb6b8829ccd",
                "sha256:4f09b0010e55bec3239278f642a8a506b91034f03a4fb28289a7d448a67f1515",
                "sha256:505138d4fa69462447a562a7c2ef723c6025ba12ac04478bc1ce2fcc279a2db5",
                "sha256:5067920de254f1a2dee8d3d9d7e4e03718e8fd2d2d9db962c8c9fa781ae82a39",
                "sha256:56961cfca7da2fdd178f95ca407fa330c64f33289e1804b592a77d5593d9bd94",
                "sha256:5a8e05057fab2a365c81abc696cb753da7549d20266e8511eb6c9d9f72fe3e92",
                "sha256:659f167f419a4609bc0516fb18ea69ed39dbb25594934bd2dd4d0401660e8a1e",
                "sha256:662e8f7cad915ba75d8017b3e601afc01ef20deeeabf281bd00369de196d7726",
                "sha256:6f61d71bbc9b4a3de768371b210d906726535d6ca43506737682caa754b956cd",
                "sha256:72b00a8e7c25dcea5946692a2485b1a0c0661ed93ecfedfa9b6687bd89a24ef5",
                "sha256:811e1d37d60b47cb8126e0a929b58c046251f28117cb16fcd371eed61f66b764",
                "sha256:81b0ea3715bf6a848d6f7149d25bf018fd24554a4be01fcbbe3fdc78e890b955",
                "sha256:88c8d517e78acdf7df8a2134a3c4b964415b575d2840a2746ddb1cc6175f8608",
                "sha256:8dca09dedf1bd8684767bc736cc20c97c29bc0c04c413e3276e0962cd7aeb148",
                "sha256:974a39bdb8c90a85982cdb78a103a32e0b1be986d411303064b28a80611f6e51",
                "sha256:9e112e03d37987d7b90c1e98ba5e1b59e1645226d78d73282f45b326f7bddcb9",
                "sha256:9e9744c657d896c7b580455e739899e492a4a452e2dd4d2b3e459f6b244a638d",
                "sha256:9ed358312e63bf683b9ef22c8e442ef6c5c02973f0c2a939ec1d7b50c974015c",
                "sha256:9f2c221eecb7ead00b8e3ddb913c67f75cba078fd1d326053225a3f59d850d72",
                "sha256:a20d33124935d27b80e6fdacbd34205732660e0a1d35d8b10b3328179a2b51a1",
                "sha256:a4c0757db9bd08470ff8277791795e70d0bf035a011a528ee9a5ce9454b6cba2",
                "sha256:afe07421c969e259e9403c3bb658968702bc3b78ec0b6fde3ae1e73440529c23",
                "sha256:b1992ba9d4780d9af9726bbcef6a1db12d9ab1ccc35e5773685a24b7fb2758eb",
                "sha256:b23d2a46d53210b498e5b701a1913697671988f4bf8e10f935433f6e7c332fb6",
                "sha256:b5e83e4de81dcc9425598d9469a624826a0b1211380ac444c7c791d4a2137c19",
                "sha256:be35822f35f99dcc48152c9839d0171a06186f2d71ef76dc57fa556cc9bf6b45",
                "sha256:be9e0fb2ada7e5124f5282d6381903183ecc73ea019568d6d63d33f25b2a9000",
                "sha256:c140e7eb5ce47249668056edf3b7e9900c6a2e22fb0eaf0513f18a1b2c14e1da",
                "sha256:c6a08799e9e88052221adca55741bf106ec7ea0710bca635c208b751f0d5b617",
                "sha256:cb242fc2cda5a307a7698c93173d3627a2a90d00507bccf5bc228851e8304963",
                "sha256:cce1e90dd302f45716a7715517c6aa0468af0bf38e814ad4eab58e88fc09f7f7",
                "sha256:cd4ccc364cf75d1422e66e247e52a93da6a9b73cefa8cad696f3cbbb75af179d",
                "sha256:d21681f09e297a5adaa73060737e3aa1279a13ecdcfcc6ef66c292cb25125b2d",
                "sha256:d38ffd0e81ba8ef347d2be0772e899c289b59ff150ebbbbe05dc61b1246eb4e0",
                "sha256:d566b82e92ff2e09dd6342df7e0eb4ff6275a3f08db284888dcd98134dbd4243",
                "sha256:d5b0ff9878333823226d270417f24f4d06f235cb3e54d1103b71ea537a6a86ce",
                "sha256:d6ee1aa7ab36475035eb48c01efae87d37936a8173fc4d7b10bb02c2d75dd8f6",
                "sha256:db38f80540083ea33bdab614a9d28bcec4b54daa5aff1668d7827a9fc769ae0a",
                "sha256:ea688d11707d30e212e0110a1aac7f7f3f542a259235d396f88be68b649e47d1",
                "sha256:f6327b6907b4cb72f650a5b7b1be23a2aab395017aa6f1adb13069d66360eb3f",
                "sha256:fb412b7db83fe56847df9c47b6fe3f13911b06339c2aa02dcc09dce8bbf582cd"
            ],
            "markers": "python_version >= '3' and platform_machine == 'aarch64' or (platform_machine == 'ppc64le' or (platform_machine == 'x86_64' or (platform_machine == 'amd64' or (platform_machine == 'AMD64' or (platform_machine == 'win32' or platform_machine == 'WIN32')))))",
            "version": "==2.0.1"
        },
        "gunicorn": {
            "hashes": [
                "sha256:9dcc4547dbb1cb284accfb15ab5667a0e5d1881cc443e0677b4882a4067a807e",
                "sha256:e0a968b5ba15f8a328fdfd7ab1fcb5af4470c28aaf7e55df02a99bc13138e6e8"
            ],
            "index": "pypi",
            "version": "==20.1.0"
        },
        "itsdangerous": {
            "hashes": [
                "sha256:2c2349112351b88699d8d4b6b075022c0808887cb7ad10069318a8b0bc88db44",
                "sha256:5dbbc68b317e5e42f327f9021763545dc3fc3bfe22e6deb96aaf1fc38874156a"
            ],
            "markers": "python_version >= '3.7'",
            "version": "==2.1.2"
        },
        "jinja2": {
            "hashes": [
                "sha256:31351a702a408a9e7595a8fc6150fc3f43bb6bf7e319770cbc0db9df9437e852",
                "sha256:6088930bfe239f0e6710546ab9c19c9ef35e29792895fed6e6e31a023a182a61"
            ],
            "markers": "python_version >= '3.7'",
            "version": "==3.1.2"
        },
        "markupsafe": {
            "hashes": [
                "sha256:0212a68688482dc52b2d45013df70d169f542b7394fc744c02a57374a4207003",
                "sha256:089cf3dbf0cd6c100f02945abeb18484bd1ee57a079aefd52cffd17fba910b88",
                "sha256:10c1bfff05d95783da83491be968e8fe789263689c02724e0c691933c52994f5",
                "sha256:33b74d289bd2f5e527beadcaa3f401e0df0a89927c1559c8566c066fa4248ab7",
                "sha256:3799351e2336dc91ea70b034983ee71cf2f9533cdff7c14c90ea126bfd95d65a",
                "sha256:3ce11ee3f23f79dbd06fb3d63e2f6af7b12db1d46932fe7bd8afa259a5996603",
                "sha256:421be9fbf0ffe9ffd7a378aafebbf6f4602d564d34be190fc19a193232fd12b1",
                "sha256:43093fb83d8343aac0b1baa75516da6092f58f41200907ef92448ecab8825135",
                "sha256:46d00d6cfecdde84d40e572d63735ef81423ad31184100411e6e3388d405e247",
                "sha256:4a33dea2b688b3190ee12bd7cfa29d39c9ed176bda40bfa11099a3ce5d3a7ac6",
                "sha256:4b9fe39a2ccc108a4accc2676e77da025ce383c108593d65cc909add5c3bd601",
                "sha256:56442863ed2b06d19c37f94d999035e15ee982988920e12a5b4ba29b62ad1f77",
                "sha256:671cd1187ed5e62818414afe79ed29da836dde67166a9fac6d435873c44fdd02",
                "sha256:694deca8d702d5db21ec83983ce0bb4b26a578e71fbdbd4fdcd387daa90e4d5e",
                "sha256:6a074d34ee7a5ce3effbc526b7083ec9731bb3cbf921bbe1d3005d4d2bdb3a63",
                "sha256:6d0072fea50feec76a4c418096652f2c3238eaa014b2f94aeb1d56a66b41403f",
                "sha256:6fbf47b5d3728c6aea2abb0589b5d30459e369baa772e0f37a0320185e87c980",
                "sha256:7f91197cc9e48f989d12e4e6fbc46495c446636dfc81b9ccf50bb0ec74b91d4b",
                "sha256:86b1f75c4e7c2ac2ccdaec2b9022845dbb81880ca318bb7a0a01fbf7813e3812",
                "sha256:8dc1c72a69aa7e082593c4a203dcf94ddb74bb5c8a731e4e1eb68d031e8498ff",
                "sha256:8e3dcf21f367459434c18e71b2a9532d96547aef8a871872a5bd69a715c15f96",
                "sha256:8e576a51ad59e4bfaac456023a78f6b5e6e7651dcd383bcc3e18d06f9b55d6d1",
                "sha256:96e37a3dc86e80bf81758c152fe66dbf60ed5eca3d26305edf01892257049925",
                "sha256:97a68e6ada378df82bc9f16b800ab77cbf4b2fada0081794318520138c088e4a",
                "sha256:99a2a507ed3ac881b975a2976d59f38c19386d128e7a9a18b7df6fff1fd4c1d6",
                "sha256:a49907dd8420c5685cfa064a1335b6754b74541bbb3706c259c02ed65b644b3e",
                "sha256:b09bf97215625a311f669476f44b8b318b075847b49316d3e28c08e41a7a573f",
                "sha256:b7bd98b796e2b6553da7225aeb61f447f80a1ca64f41d83612e6139ca5213aa4",
                "sha256:b87db4360013327109564f0e591bd2a3b318547bcef31b468a92ee504d07ae4f",
                "sha256:bcb3ed405ed3222f9904899563d6fc492ff75cce56cba05e32eff40e6acbeaa3",
                "sha256:d4306c36ca495956b6d568d276ac11fdd9c30a36f1b6eb928070dc5360b22e1c",
                "sha256:d5ee4f386140395a2c818d149221149c54849dfcfcb9f1debfe07a8b8bd63f9a",
                "sha256:dda30ba7e87fbbb7eab1ec9f58678558fd9a6b8b853530e176eabd064da81417",
                "sha256:e04e26803c9c3851c931eac40c695602c6295b8d432cbe78609649ad9bd2da8a",
                "sha256:e1c0b87e09fa55a220f058d1d49d3fb8df88fbfab58558f1198e08c1e1de842a",
                "sha256:e72591e9ecd94d7feb70c1cbd7be7b3ebea3f548870aa91e2732960fa4d57a37",
                "sha256:e8c843bbcda3a2f1e3c2ab25913c80a3c5376cd00c6e8c4a86a89a28c8dc5452",
                "sha256:efc1913fd2ca4f334418481c7e595c00aad186563bbc1ec76067848c7ca0a933",
                "sha256:f121a1420d4e173a5d96e47e9a0c0dcff965afdf1626d28de1460815f7c4ee7a",
                "sha256:fc7b548b17d238737688817ab67deebb30e8073c95749d55538ed473130ec0c7"
            ],
            "markers": "python_version >= '3.7'",
            "version": "==2.1.1"
        },
        "netifaces": {
            "hashes": [
                "sha256:043a79146eb2907edf439899f262b3dfe41717d34124298ed281139a8b93ca32",
                "sha256:08e3f102a59f9eaef70948340aeb6c89bd09734e0dca0f3b82720305729f63ea",
                "sha256:0f6133ac02521270d9f7c490f0c8c60638ff4aec8338efeff10a1b51506abe85",
                "sha256:18917fbbdcb2d4f897153c5ddbb56b31fa6dd7c3fa9608b7e3c3a663df8206b5",
                "sha256:2479bb4bb50968089a7c045f24d120f37026d7e802ec134c4490eae994c729b5",
                "sha256:2650beee182fed66617e18474b943e72e52f10a24dc8cac1db36c41ee9c041b7",
                "sha256:28f4bf3a1361ab3ed93c5ef360c8b7d4a4ae060176a3529e72e5e4ffc4afd8b0",
                "sha256:3ecb3f37c31d5d51d2a4d935cfa81c9bc956687c6f5237021b36d6fdc2815b2c",
                "sha256:469fc61034f3daf095e02f9f1bbac07927b826c76b745207287bc594884cfd05",
                "sha256:48324183af7f1bc44f5f197f3dad54a809ad1ef0c78baee2c88f16a5de02c4c9",
                "sha256:50721858c935a76b83dd0dd1ab472cad0a3ef540a1408057624604002fcfb45b",
                "sha256:54ff6624eb95b8a07e79aa8817288659af174e954cca24cdb0daeeddfc03c4ff",
                "sha256:5be83986100ed1fdfa78f11ccff9e4757297735ac17391b95e17e74335c2047d",
                "sha256:5f9ca13babe4d845e400921973f6165a4c2f9f3379c7abfc7478160e25d196a4",
                "sha256:73ff21559675150d31deea8f1f8d7e9a9a7e4688732a94d71327082f517fc6b4",
                "sha256:7dbb71ea26d304e78ccccf6faccef71bb27ea35e259fb883cfd7fd7b4f17ecb1",
                "sha256:815eafdf8b8f2e61370afc6add6194bd5a7252ae44c667e96c4c1ecf418811e4",
                "sha256:841aa21110a20dc1621e3dd9f922c64ca64dd1eb213c47267a2c324d823f6c8f",
                "sha256:84e4d2e6973eccc52778735befc01638498781ce0e39aa2044ccfd2385c03246",
                "sha256:8f7da24eab0d4184715d96208b38d373fd15c37b0dafb74756c638bd619ba150",
                "sha256:96c0fe9696398253f93482c84814f0e7290eee0bfec11563bd07d80d701280c3",
                "sha256:aab1dbfdc55086c789f0eb37affccf47b895b98d490738b81f3b2360100426be",
                "sha256:c03fb2d4ef4e393f2e6ffc6376410a22a3544f164b336b3a355226653e5efd89",
                "sha256:c37a1ca83825bc6f54dddf5277e9c65dec2f1b4d0ba44b8fd42bc30c91aa6ea1",
                "sha256:c92ff9ac7c2282009fe0dcb67ee3cd17978cffbe0c8f4b471c00fe4325c9b4d4",
                "sha256:c9a3a47cd3aaeb71e93e681d9816c56406ed755b9442e981b07e3618fb71d2ac",
                "sha256:cb925e1ca024d6f9b4f9b01d83215fd00fe69d095d0255ff3f64bffda74025c8",
                "sha256:d07b01c51b0b6ceb0f09fc48ec58debd99d2c8430b09e56651addeaf5de48048",
                "sha256:e76c7f351e0444721e85f975ae92718e21c1f361bda946d60a214061de1f00a1",
                "sha256:eb4813b77d5df99903af4757ce980a98c4d702bbcb81f32a0b305a1537bdf0b1"
            ],
            "index": "pypi",
            "version": "==0.11.0"
        },
        "redmail": {
            "hashes": [
                "sha256:821266e2d20c2a485343e8a05de5c76a96761dae58d41cc7c81b4d919c07f703",
                "sha256:f35b29e1b6362bd0b9dc4983101b5a90bbf3a06c34ddbf865e1773cf024dc49f"
            ],
            "markers": "python_full_version >= '3.6.0'",
            "version": "==0.4.2"
        },
        "setuptools": {
            "hashes": [
                "sha256:57f6f22bde4e042978bcd50176fdb381d7c21a9efa4041202288d3737a0c6a54",
                "sha256:a7620757bf984b58deaf32fc8a4577a9bbc0850cf92c20e1ce41c38c19e5fb75"
            ],
            "markers": "python_version >= '3.7'",
            "version": "==65.6.3"
        },
        "sqlalchemy": {
            "hashes": [
                "sha256:01aa76f324c9bbc0dcb2bc3d9e2a9d7ede4808afa1c38d40d5e2007e3163b206",
                "sha256:06055476d38ed7915eeed22b78580556d446d175c3574a01b9eb04d91f3a8b2e",
                "sha256:081e2a2d75466353c738ca2ee71c0cfb08229b4f9909b5fa085f75c48d021471",
                "sha256:099efef0de9fbda4c2d7cb129e4e7f812007901942259d4e6c6e19bd69de1088",
                "sha256:0e068b8414d60dd35d43c693555fc3d2e1d822cef07960bb8ca3f1ee6c4ff762",
                "sha256:13578d1cda69bc5e76c59fec9180d6db7ceb71c1360a4d7861c37d87ea6ca0b1",
                "sha256:16ad798fc121cad5ea019eb2297127b08c54e1aa95fe17b3fea9fdbc5c34fe62",
                "sha256:1a92685db3b0682776a5abcb5f9e9addb3d7d9a6d841a452a17ec2d8d457bea7",
                "sha256:26b8424b32eeefa4faad21decd7bdd4aade58640b39407bf43e7d0a7c1bc0453",
                "sha256:29a29d02c9e6f6b105580c5ed7afb722b97bc2e2fdb85e1d45d7ddd8440cfbca",
                "sha256:2d1539fbc82d2206380a86d6d7d0453764fdca5d042d78161bbfb8dd047c80ec",
                "sha256:2d6f178ff2923730da271c8aa317f70cf0df11a4d1812f1d7a704b1cf29c5fe3",
                "sha256:2db887dbf05bcc3151de1c4b506b14764c6240a42e844b4269132a7584de1e5f",
                "sha256:416fe7d228937bd37990b5a429fd00ad0e49eabcea3455af7beed7955f192edd",
                "sha256:445914dcadc0b623bd9851260ee54915ecf4e3041a62d57709b18a0eed19f33b",
                "sha256:52b90c9487e4449ad954624d01dea34c90cd8c104bce46b322c83654f37a23c5",
                "sha256:55ddb5585129c5d964a537c9e32a8a68a8c6293b747f3fa164e1c034e1657a98",
                "sha256:561605cfc26273825ed2fb8484428faf36e853c13e4c90c61c58988aeccb34ed",
                "sha256:5953e225be47d80410ae519f865b5c341f541d8e383fb6d11f67fb71a45bf890",
                "sha256:6a91b7883cb7855a27bc0637166eed622fdf1bb94a4d1630165e5dd88c7e64d3",
                "sha256:6cd53b4c756a6f9c6518a3dc9c05a38840f9ae442c91fe1abde50d73651b6922",
                "sha256:715f5859daa3bee6ecbad64501637fa4640ca6734e8cda6135e3898d5f8ccadd",
                "sha256:7e32ce2584564d9e068bb7e0ccd1810cbb0a824c0687f8016fe67e97c345a637",
                "sha256:88f4ad3b081c0dbb738886f8d425a5d983328670ee83b38192687d78fc82bd1e",
                "sha256:96821d806c0c90c68ce3f2ce6dd529c10e5d7587961f31dd5c30e3bfddc4545d",
                "sha256:9a21c1fb71c69c8ec65430160cd3eee44bbcea15b5a4e556f29d03f246f425ec",
                "sha256:9b7025d46aba946272f6b6b357a22f3787473ef27451f342df1a2a6de23743e3",
                "sha256:a3bcd5e2049ceb97e8c273e6a84ff4abcfa1dc47b6d8bbd36e07cce7176610d3",
                "sha256:a62ae2ea3b940ce9c9cbd675489c2047921ce0a79f971d3082978be91bd58117",
                "sha256:a87f8595390764db333a1705591d0934973d132af607f4fa8b792b366eacbb3c",
                "sha256:c8051bff4ce48cbc98f11e95ac46bfd1e36272401070c010248a3230d099663f",
                "sha256:ca152ffc7f0aa069c95fba46165030267ec5e4bb0107aba45e5e9e86fe4d9363",
                "sha256:cd95a3e6ab46da2c5b0703e797a772f3fab44d085b3919a4f27339aa3b1f51d3",
                "sha256:d458fd0566bc9e10b8be857f089e96b5ca1b1ef033226f24512f9ffdf485a8c0",
                "sha256:db3ccbce4a861bf4338b254f95916fc68dd8b7aa50eea838ecdaf3a52810e9c0",
                "sha256:dc10423b59d6d032d6dff0bb42aa06dc6a8824eb6029d70c7d1b6981a2e7f4d8",
                "sha256:e91a5e45a2ea083fe344b3503405978dff14d60ef3aa836432c9ca8cd47806b6",
                "sha256:f1d3fb02a4d0b07d1351a4a52f159e5e7b3045c903468b7e9349ebf0020ffdb9",
                "sha256:f61e54b8c2b389de1a8ad52394729c478c67712dbdcdadb52c2575e41dae94a5",
                "sha256:f7944b04e6fcf8d733964dd9ee36b6a587251a1a4049af3a9b846f6e64eb349a",
                "sha256:fd69850860093a3f69fefe0ab56d041edfdfe18510b53d9a2eaecba2f15fa795"
            ],
            "markers": "python_version >= '2.7' and python_version not in '3.0, 3.1, 3.2, 3.3, 3.4, 3.5'",
            "version": "==1.4.45"
        },
        "sqlparse": {
            "hashes": [
                "sha256:0323c0ec29cd52bceabc1b4d9d579e311f3e4961b98d174201d5622a23b85e34",
                "sha256:69ca804846bb114d2ec380e4360a8a340db83f0ccf3afceeb1404df028f57268"
            ],
            "markers": "python_version >= '3.5'",
            "version": "==0.4.3"
        },
        "termcolor": {
            "hashes": [
                "sha256:67cee2009adc6449c650f6bcf3bdeed00c8ba53a8cda5362733c53e0a39fb70b",
                "sha256:fa852e957f97252205e105dd55bbc23b419a70fec0085708fc0515e399f304fd"
            ],
            "markers": "python_version >= '3.7'",
            "version": "==2.1.1"
        },
        "werkzeug": {
            "hashes": [
                "sha256:7ea2d48322cc7c0f8b3a215ed73eabd7b5d75d0b50e31ab006286ccff9e00b8f",
                "sha256:f979ab81f58d7318e064e99c4506445d60135ac5cd2e177a2de0089bfd4c9bd5"
            ],
            "markers": "python_version >= '3.7'",
            "version": "==2.2.2"
        },
        "wheel": {
            "hashes": [
                "sha256:965f5259b566725405b05e7cf774052044b1ed30119b5d586b2703aafe8719ac",
                "sha256:b60533f3f5d530e971d6737ca6d58681ee434818fab630c83a734bb10c083ce8"
            ],
            "markers": "python_version >= '3.7'",
            "version": "==0.38.4"
        }
    },
    "develop": {}
}
